
Microsoft Visual Studio Solution File, Format Version 12.00
# Visual Studio Version 16
VisualStudioVersion = 16.0.30611.23
MinimumVisualStudioVersion = 10.0.40219.1
Project("{FAE04EC0-301F-11D3-BF4B-00C04F79EFBC}") = "ProblemSolve5n6", "ProblemSolve5n6\ProblemSolve5n6.csproj", "{D52E2F1D-AE6E-4DF2-BCE2-2330C220FA99}"
EndProject
Global
	GlobalSection(SolutionConfigurationPlatforms) = preSolution
		Debug|Any CPU = Debug|Any CPU
		Release|Any CPU = Release|Any CPU
	EndGlobalSection
	GlobalSection(ProjectConfigurationPlatforms) = postSolution
		{D52E2F1D-AE6E-4DF2-BCE2-2330C220FA99}.Debug|Any CPU.ActiveCfg = Debug|Any CPU
		{D52E2F1D-AE6E-4DF2-BCE2-2330C220FA99}.Debug|Any CPU.Build.0 = Debug|Any CPU
		{D52E2F1D-AE6E-4DF2-BCE2-2330C220FA99}.Release|Any CPU.ActiveCfg = Release|Any CPU
		{D52E2F1D-AE6E-4DF2-BCE2-2330C220FA99}.Release|Any CPU.Build.0 = Release|Any CPU
	EndGlobalSection
	GlobalSection(SolutionProperties) = preSolution
		HideSolutionNode = FALSE
	EndGlobalSection
	GlobalSection(ExtensibilityGlobals) = postSolution
		SolutionGuid = {67D61E88-E586-4EAE-B3D2-3828154A7AFE}
	EndGlobalSection
EndGlobal
